# This file is generated by running "yarn install" inside your project.
# Manual changes might be lost - proceed with caution!

__metadata:
  version: 8
  cacheKey: 10

"@hmcts/rpx-xui-common-lib@workspace:.":
  version: 0.0.0-use.local
  resolution: "@hmcts/rpx-xui-common-lib@workspace:."
  dependencies:
    ngx-spec: "npm:^2.1.4"
    tslib: "npm:^2.0.0"
  peerDependencies:
    launchdarkly-js-client-sdk: ^3.3.0
    ngx-pagination: ^3.2.1
    rpx-xui-translation: ^0.1.1
  languageName: unknown
  linkType: soft

"balanced-match@npm:^1.0.0":
  version: 1.0.2
  resolution: "balanced-match@npm:1.0.2"
  checksum: 8/9706c088a283058a8a99e0bf91b0a2f75497f185980d9ffa8b304de1d9e58ebda7c72c07ebf01dadedaac5b2907b2c6f566f660d62bd336c3468e960403b9d65
  languageName: node
  linkType: hard

"brace-expansion@npm:^1.1.7":
  version: 1.1.11
  resolution: "brace-expansion@npm:1.1.11"
  dependencies:
    balanced-match: "npm:^1.0.0"
    concat-map: "npm:0.0.1"
  checksum: 8/faf34a7bb0c3fcf4b59c7808bc5d2a96a40988addf2e7e09dfbb67a2251800e0d14cd2bfc1aa79174f2f5095c54ff27f46fb1289fe2d77dac755b5eb3434cc07
  languageName: node
  linkType: hard

"concat-map@npm:0.0.1":
  version: 0.0.1
  resolution: "concat-map@npm:0.0.1"
  checksum: 8/902a9f5d8967a3e2faf138d5cb784b9979bad2e6db5357c5b21c568df4ebe62bcb15108af1b2253744844eb964fc023fbd9afbbbb6ddd0bcc204c6fb5b7bf3af
  languageName: node
  linkType: hard

"minimatch@npm:^3.0.4":
  version: 3.1.2
  resolution: "minimatch@npm:3.1.2"
  dependencies:
    brace-expansion: "npm:^1.1.7"
  checksum: 8/c154e566406683e7bcb746e000b84d74465b3a832c45d59912b9b55cd50dee66e5c4b1e5566dba26154040e51672f9aa450a9aef0c97cfc7336b78b7afb9540a
  languageName: node
  linkType: hard

"ngx-spec@npm:^2.1.4":
  version: 2.1.6
  resolution: "ngx-spec@npm:2.1.6"
  dependencies:
    minimatch: "npm:^3.0.4"
  checksum: 10/9b6a8415ce1f94068beab1f3143265f2e9fd49aeda1b25b598a1f9ee6daa2b668ef6e1ee20f983b7e5559c17145dbcd56eabc921adfb37d06d58741fc3919d79
  languageName: node
  linkType: hard

"tslib@npm:^2.0.0":
  version: 2.5.0
  resolution: "tslib@npm:2.5.0"
  checksum: 8/ae3ed5f9ce29932d049908ebfdf21b3a003a85653a9a140d614da6b767a93ef94f460e52c3d787f0e4f383546981713f165037dc2274df212ea9f8a4541004e1
  languageName: node
  linkType: hard
